
Microsoft Visual Studio Solution File, Format Version 12.00
# Visual Studio 2013
VisualStudioVersion = 12.0.31101.0
MinimumVisualStudioVersion = 10.0.40219.1
Project("{FAE04EC0-301F-11D3-BF4B-00C04F79EFBC}") = "PhotoTournament", "PhotoTournament\PhotoTournament.csproj", "{1C2422D6-9291-4D06-84D3-C1C44BED0EE1}"
EndProject
Project("{FAE04EC0-301F-11D3-BF4B-00C04F79EFBC}") = "PhotoTournament.Tests", "PhotoTournament.Tests\PhotoTournament.Tests.csproj", "{BAC125C8-397F-469B-9D16-A07F57C2045C}"
EndProject
Project("{2150E333-8FDC-42A3-9474-1A3956D46DE8}") = "PublishScripts", "PublishScripts", "{DFDE2F8A-42F3-4873-809D-D22FFF35C552}"
	ProjectSection(SolutionItems) = preProject
		PublishScripts\AzureWebsitePublishModule.psm1 = PublishScripts\AzureWebsitePublishModule.psm1
		PublishScripts\Publish-WebApplicationWebsite.ps1 = PublishScripts\Publish-WebApplicationWebsite.ps1
	EndProjectSection
EndProject
Project("{2150E333-8FDC-42A3-9474-1A3956D46DE8}") = "Configurations", "Configurations", "{8A94A006-B059-4494-97DE-CD1A28E37293}"
	ProjectSection(SolutionItems) = preProject
		PublishScripts\Configurations\PhotoTournament-WAWS-dev.json = PublishScripts\Configurations\PhotoTournament-WAWS-dev.json
	EndProjectSection
EndProject
Project("{FAE04EC0-301F-11D3-BF4B-00C04F79EFBC}") = "PhotoTournament.Model", "PhotoTournament.Model\PhotoTournament.Model.csproj", "{B42BD039-4066-48B1-A99E-9907D8BDBB21}"
EndProject
Project("{FAE04EC0-301F-11D3-BF4B-00C04F79EFBC}") = "PhotoTournament.Data", "PhotoTournament.Data\PhotoTournament.Data.csproj", "{7897073D-0F85-4125-9207-B98EF46023C6}"
EndProject
Global
	GlobalSection(SolutionConfigurationPlatforms) = preSolution
		Debug|Any CPU = Debug|Any CPU
		Release|Any CPU = Release|Any CPU
	EndGlobalSection
	GlobalSection(ProjectConfigurationPlatforms) = postSolution
		{1C2422D6-9291-4D06-84D3-C1C44BED0EE1}.Debug|Any CPU.ActiveCfg = Debug|Any CPU
		{1C2422D6-9291-4D06-84D3-C1C44BED0EE1}.Debug|Any CPU.Build.0 = Debug|Any CPU
		{1C2422D6-9291-4D06-84D3-C1C44BED0EE1}.Release|Any CPU.ActiveCfg = Release|Any CPU
		{1C2422D6-9291-4D06-84D3-C1C44BED0EE1}.Release|Any CPU.Build.0 = Release|Any CPU
		{BAC125C8-397F-469B-9D16-A07F57C2045C}.Debug|Any CPU.ActiveCfg = Debug|Any CPU
		{BAC125C8-397F-469B-9D16-A07F57C2045C}.Debug|Any CPU.Build.0 = Debug|Any CPU
		{BAC125C8-397F-469B-9D16-A07F57C2045C}.Release|Any CPU.ActiveCfg = Release|Any CPU
		{BAC125C8-397F-469B-9D16-A07F57C2045C}.Release|Any CPU.Build.0 = Release|Any CPU
		{B42BD039-4066-48B1-A99E-9907D8BDBB21}.Debug|Any CPU.ActiveCfg = Debug|Any CPU
		{B42BD039-4066-48B1-A99E-9907D8BDBB21}.Debug|Any CPU.Build.0 = Debug|Any CPU
		{B42BD039-4066-48B1-A99E-9907D8BDBB21}.Release|Any CPU.ActiveCfg = Release|Any CPU
		{B42BD039-4066-48B1-A99E-9907D8BDBB21}.Release|Any CPU.Build.0 = Release|Any CPU
		{7897073D-0F85-4125-9207-B98EF46023C6}.Debug|Any CPU.ActiveCfg = Debug|Any CPU
		{7897073D-0F85-4125-9207-B98EF46023C6}.Debug|Any CPU.Build.0 = Debug|Any CPU
		{7897073D-0F85-4125-9207-B98EF46023C6}.Release|Any CPU.ActiveCfg = Release|Any CPU
		{7897073D-0F85-4125-9207-B98EF46023C6}.Release|Any CPU.Build.0 = Release|Any CPU
	EndGlobalSection
	GlobalSection(SolutionProperties) = preSolution
		HideSolutionNode = FALSE
	EndGlobalSection
	GlobalSection(NestedProjects) = preSolution
		{8A94A006-B059-4494-97DE-CD1A28E37293} = {DFDE2F8A-42F3-4873-809D-D22FFF35C552}
	EndGlobalSection
EndGlobal
